dependencies:
  espressif/esp-dsp:
    component_hash: 42dce32d46ac93dc11f60d368e29a830e9661c7345d794b8a45c343479cae636
    source:
      service_url: https://api.components.espressif.com/
      type: service
    version: 1.7.0
  espressif/led_strip:
    component_hash: 223998f10cae6d81f2ad2dd3c1103c2221be298c708e37917482b0153f3ec64e
    source:
      service_url: https://api.components.espressif.com/
      type: service
    version: 3.0.1~1
  idf:
    component_hash: null
    source:
      type: idf
    version: 5.4.1
manifest_hash: 5b1f47e993648bf8ddea733807987e2b95a03de06499515e59613c51771a6c65
target: esp32s3
version: 1.0.0
